
Microsoft Visual Studio Solution File, Format Version 12.00
# Visual Studio Version 17
VisualStudioVersion = 17.5.33530.505
MinimumVisualStudioVersion = 10.0.40219.1
Project("{FAE04EC0-301F-11D3-BF4B-00C04F79EFBC}") = "Score and Grade", "Score and Grade\Score and Grade.csproj", "{B896F594-5E00-4A35-BCA6-219214A0CF99}"
EndProject
Global
	GlobalSection(SolutionConfigurationPlatforms) = preSolution
		Debug|Any CPU = Debug|Any CPU
		Release|Any CPU = Release|Any CPU
	EndGlobalSection
	GlobalSection(ProjectConfigurationPlatforms) = postSolution
		{B896F594-5E00-4A35-BCA6-219214A0CF99}.Debug|Any CPU.ActiveCfg = Debug|Any CPU
		{B896F594-5E00-4A35-BCA6-219214A0CF99}.Debug|Any CPU.Build.0 = Debug|Any CPU
		{B896F594-5E00-4A35-BCA6-219214A0CF99}.Release|Any CPU.ActiveCfg = Release|Any CPU
		{B896F594-5E00-4A35-BCA6-219214A0CF99}.Release|Any CPU.Build.0 = Release|Any CPU
	EndGlobalSection
	GlobalSection(SolutionProperties) = preSolution
		HideSolutionNode = FALSE
	EndGlobalSection
	GlobalSection(ExtensibilityGlobals) = postSolution
		SolutionGuid = {F4AEF368-1F93-4E28-A2E9-26AF091D37AA}
	EndGlobalSection
EndGlobal
