
Microsoft Visual Studio Solution File, Format Version 12.00
# Visual Studio Version 17
VisualStudioVersion = 17.5.33530.505
MinimumVisualStudioVersion = 10.0.40219.1
Project("{FAE04EC0-301F-11D3-BF4B-00C04F79EFBC}") = "MyStack_Generic", "MyStack_Generic\MyStack_Generic.csproj", "{7E2E7063-8115-421C-9B1B-5F30ED1FE634}"
EndProject
Global
	GlobalSection(SolutionConfigurationPlatforms) = preSolution
		Debug|Any CPU = Debug|Any CPU
		Release|Any CPU = Release|Any CPU
	EndGlobalSection
	GlobalSection(ProjectConfigurationPlatforms) = postSolution
		{7E2E7063-8115-421C-9B1B-5F30ED1FE634}.Debug|Any CPU.ActiveCfg = Debug|Any CPU
		{7E2E7063-8115-421C-9B1B-5F30ED1FE634}.Debug|Any CPU.Build.0 = Debug|Any CPU
		{7E2E7063-8115-421C-9B1B-5F30ED1FE634}.Release|Any CPU.ActiveCfg = Release|Any CPU
		{7E2E7063-8115-421C-9B1B-5F30ED1FE634}.Release|Any CPU.Build.0 = Release|Any CPU
	EndGlobalSection
	GlobalSection(SolutionProperties) = preSolution
		HideSolutionNode = FALSE
	EndGlobalSection
	GlobalSection(ExtensibilityGlobals) = postSolution
		SolutionGuid = {370D6A0B-E6C1-449C-91AC-C82A7B878E30}
	EndGlobalSection
EndGlobal
