
Microsoft Visual Studio Solution File, Format Version 12.00
# Visual Studio Version 17
VisualStudioVersion = 17.5.33530.505
MinimumVisualStudioVersion = 10.0.40219.1
Project("{FAE04EC0-301F-11D3-BF4B-00C04F79EFBC}") = "ConsoleApp1", "ConsoleApp1\ConsoleApp1.csproj", "{869E3A60-9C7F-4AEB-8E29-6AD793E5EF43}"
EndProject
Global
	GlobalSection(SolutionConfigurationPlatforms) = preSolution
		Debug|Any CPU = Debug|Any CPU
		Release|Any CPU = Release|Any CPU
	EndGlobalSection
	GlobalSection(ProjectConfigurationPlatforms) = postSolution
		{869E3A60-9C7F-4AEB-8E29-6AD793E5EF43}.Debug|Any CPU.ActiveCfg = Debug|Any CPU
		{869E3A60-9C7F-4AEB-8E29-6AD793E5EF43}.Debug|Any CPU.Build.0 = Debug|Any CPU
		{869E3A60-9C7F-4AEB-8E29-6AD793E5EF43}.Release|Any CPU.ActiveCfg = Release|Any CPU
		{869E3A60-9C7F-4AEB-8E29-6AD793E5EF43}.Release|Any CPU.Build.0 = Release|Any CPU
	EndGlobalSection
	GlobalSection(SolutionProperties) = preSolution
		HideSolutionNode = FALSE
	EndGlobalSection
	GlobalSection(ExtensibilityGlobals) = postSolution
		SolutionGuid = {41840B4F-3EED-4874-A159-457FD59BF29E}
	EndGlobalSection
EndGlobal
