
Microsoft Visual Studio Solution File, Format Version 12.00
# Visual Studio Version 17
VisualStudioVersion = 17.5.33530.505
MinimumVisualStudioVersion = 10.0.40219.1
Project("{FAE04EC0-301F-11D3-BF4B-00C04F79EFBC}") = "CollectionsDemo", "CollectionsDemo\CollectionsDemo.csproj", "{C755B9C2-5F06-4A0E-8F1D-79944FDB9323}"
EndProject
Global
	GlobalSection(SolutionConfigurationPlatforms) = preSolution
		Debug|Any CPU = Debug|Any CPU
		Release|Any CPU = Release|Any CPU
	EndGlobalSection
	GlobalSection(ProjectConfigurationPlatforms) = postSolution
		{C755B9C2-5F06-4A0E-8F1D-79944FDB9323}.Debug|Any CPU.ActiveCfg = Debug|Any CPU
		{C755B9C2-5F06-4A0E-8F1D-79944FDB9323}.Debug|Any CPU.Build.0 = Debug|Any CPU
		{C755B9C2-5F06-4A0E-8F1D-79944FDB9323}.Release|Any CPU.ActiveCfg = Release|Any CPU
		{C755B9C2-5F06-4A0E-8F1D-79944FDB9323}.Release|Any CPU.Build.0 = Release|Any CPU
	EndGlobalSection
	GlobalSection(SolutionProperties) = preSolution
		HideSolutionNode = FALSE
	EndGlobalSection
	GlobalSection(ExtensibilityGlobals) = postSolution
		SolutionGuid = {FA8365B5-2D61-4DB5-8E7E-D9A9FBC8EC18}
	EndGlobalSection
EndGlobal
