
Microsoft Visual Studio Solution File, Format Version 12.00
# Visual Studio Version 17
VisualStudioVersion = 17.5.33530.505
MinimumVisualStudioVersion = 10.0.40219.1
Project("{FAE04EC0-301F-11D3-BF4B-00C04F79EFBC}") = "Variables", "Variables\Variables.csproj", "{523E39EA-B96E-4E4A-9E8D-3E37F2270761}"
EndProject
Global
	GlobalSection(SolutionConfigurationPlatforms) = preSolution
		Debug|Any CPU = Debug|Any CPU
		Release|Any CPU = Release|Any CPU
	EndGlobalSection
	GlobalSection(ProjectConfigurationPlatforms) = postSolution
		{523E39EA-B96E-4E4A-9E8D-3E37F2270761}.Debug|Any CPU.ActiveCfg = Debug|Any CPU
		{523E39EA-B96E-4E4A-9E8D-3E37F2270761}.Debug|Any CPU.Build.0 = Debug|Any CPU
		{523E39EA-B96E-4E4A-9E8D-3E37F2270761}.Release|Any CPU.ActiveCfg = Release|Any CPU
		{523E39EA-B96E-4E4A-9E8D-3E37F2270761}.Release|Any CPU.Build.0 = Release|Any CPU
	EndGlobalSection
	GlobalSection(SolutionProperties) = preSolution
		HideSolutionNode = FALSE
	EndGlobalSection
	GlobalSection(ExtensibilityGlobals) = postSolution
		SolutionGuid = {224A2A75-B96B-46F9-B2CE-06F73347800D}
	EndGlobalSection
EndGlobal
